// !$*UTF8*$!
{
	archiveVersion = 1;
	classes = {
	};
	objectVersion = 48;
	objects = {

/* Begin PBXBuildFile section */
		B50F1AE11FD4302C00DF832C /* SplayTree.cpp in Sources */ = {isa = PBXBuildFile; fileRef = B5FB3BC21FCDBE38000E0F49 /* SplayTree.cpp */; };
		B50F1AE21FD4302C00DF832C /* unitTests.cpp in Sources */ = {isa = PBXBuildFile; fileRef = B5FB3BBD1FCB5C22000E0F49 /* unitTests.cpp */; };
		B50F1AE31FD4302C00DF832C /* Colosseum.cpp in Sources */ = {isa = PBXBuildFile; fileRef = B5FB3BB61FCB44C7000E0F49 /* Colosseum.cpp */; };
		B50F1AE41FD4302C00DF832C /* TrainerList.cpp in Sources */ = {isa = PBXBuildFile; fileRef = B52E38291FD1FF5400718A5B /* TrainerList.cpp */; };
		B50F1AE51FD4302C00DF832C /* Gladiator.cpp in Sources */ = {isa = PBXBuildFile; fileRef = B5FB3BDA1FD1FDF4000E0F49 /* Gladiator.cpp */; };
		B50F1AE61FD4302C00DF832C /* PointingGladiator.cpp in Sources */ = {isa = PBXBuildFile; fileRef = B52E38341FD3CD9B00718A5B /* PointingGladiator.cpp */; };
/* End PBXBuildFile section */

/* Begin PBXCopyFilesBuildPhase section */
		B5FB3BA71FCB4117000E0F49 /* CopyFiles */ = {
			isa = PBXCopyFilesBuildPhase;
			buildActionMask = 2147483647;
			dstPath = /usr/share/man/man1/;
			dstSubfolderSpec = 0;
			files = (
			);
			runOnlyForDeploymentPostprocessing = 1;
		};
/* End PBXCopyFilesBuildPhase section */

/* Begin PBXFileReference section */
		B52E38291FD1FF5400718A5B /* TrainerList.cpp */ = {isa = PBXFileReference; lastKnownFileType = sourcecode.cpp.cpp; path = TrainerList.cpp; sourceTree = "<group>"; };
		B52E382A1FD1FF5400718A5B /* TrainerList.hpp */ = {isa = PBXFileReference; lastKnownFileType = sourcecode.cpp.h; path = TrainerList.hpp; sourceTree = "<group>"; };
		B52E38341FD3CD9B00718A5B /* PointingGladiator.cpp */ = {isa = PBXFileReference; lastKnownFileType = sourcecode.cpp.cpp; path = PointingGladiator.cpp; sourceTree = "<group>"; };
		B52E38351FD3CD9B00718A5B /* PointingGladiator.hpp */ = {isa = PBXFileReference; lastKnownFileType = sourcecode.cpp.h; path = PointingGladiator.hpp; sourceTree = "<group>"; };
		B5FB3BA91FCB4117000E0F49 /* wet1 */ = {isa = PBXFileReference; explicitFileType = "compiled.mach-o.executable"; includeInIndex = 0; path = wet1; sourceTree = BUILT_PRODUCTS_DIR; };
		B5FB3BAC1FCB4117000E0F49 /* main.cpp */ = {isa = PBXFileReference; lastKnownFileType = sourcecode.cpp.cpp; path = main.cpp; sourceTree = "<group>"; };
		B5FB3BB31FCB4280000E0F49 /* library1.h */ = {isa = PBXFileReference; lastKnownFileType = sourcecode.c.h; path = library1.h; sourceTree = "<group>"; };
		B5FB3BB41FCB4417000E0F49 /* library1.cpp */ = {isa = PBXFileReference; lastKnownFileType = sourcecode.cpp.cpp; path = library1.cpp; sourceTree = "<group>"; };
		B5FB3BB61FCB44C7000E0F49 /* Colosseum.cpp */ = {isa = PBXFileReference; lastKnownFileType = sourcecode.cpp.cpp; path = Colosseum.cpp; sourceTree = "<group>"; };
		B5FB3BB71FCB44C7000E0F49 /* Colosseum.hpp */ = {isa = PBXFileReference; lastKnownFileType = sourcecode.cpp.h; path = Colosseum.hpp; sourceTree = "<group>"; };
		B5FB3BBD1FCB5C22000E0F49 /* unitTests.cpp */ = {isa = PBXFileReference; fileEncoding = 4; lastKnownFileType = sourcecode.cpp.cpp; path = unitTests.cpp; sourceTree = "<group>"; };
		B5FB3BC11FCB6334000E0F49 /* unitTests.h */ = {isa = PBXFileReference; lastKnownFileType = sourcecode.c.h; path = unitTests.h; sourceTree = "<group>"; };
		B5FB3BC21FCDBE38000E0F49 /* SplayTree.cpp */ = {isa = PBXFileReference; lastKnownFileType = sourcecode.cpp.cpp; path = SplayTree.cpp; sourceTree = "<group>"; };
		B5FB3BC31FCDBE38000E0F49 /* SplayTree.hpp */ = {isa = PBXFileReference; lastKnownFileType = sourcecode.cpp.h; path = SplayTree.hpp; sourceTree = "<group>"; };
		B5FB3BC51FCDBE78000E0F49 /* unitTestsSplay.cpp */ = {isa = PBXFileReference; lastKnownFileType = sourcecode.cpp.cpp; path = unitTestsSplay.cpp; sourceTree = "<group>"; };
		B5FB3BC91FCDCA98000E0F49 /* exampleSplayTree.cpp */ = {isa = PBXFileReference; lastKnownFileType = sourcecode.cpp.cpp; path = exampleSplayTree.cpp; sourceTree = "<group>"; };
		B5FB3BCF1FD0165E000E0F49 /* BinaryTree.cpp */ = {isa = PBXFileReference; fileEncoding = 4; lastKnownFileType = sourcecode.cpp.cpp; path = BinaryTree.cpp; sourceTree = "<group>"; };
		B5FB3BD01FD0165E000E0F49 /* BinaryTree.hpp */ = {isa = PBXFileReference; fileEncoding = 4; lastKnownFileType = sourcecode.cpp.h; path = BinaryTree.hpp; sourceTree = "<group>"; };
		B5FB3BD31FD01682000E0F49 /* binaryTest.cpp */ = {isa = PBXFileReference; lastKnownFileType = sourcecode.cpp.cpp; path = binaryTest.cpp; sourceTree = "<group>"; };
		B5FB3BD61FD0320F000E0F49 /* testGenericBinary.cpp */ = {isa = PBXFileReference; lastKnownFileType = sourcecode.cpp.cpp; path = testGenericBinary.cpp; sourceTree = "<group>"; };
		B5FB3BDA1FD1FDF4000E0F49 /* Gladiator.cpp */ = {isa = PBXFileReference; lastKnownFileType = sourcecode.cpp.cpp; path = Gladiator.cpp; sourceTree = "<group>"; };
		B5FB3BDB1FD1FDF4000E0F49 /* Gladiator.hpp */ = {isa = PBXFileReference; lastKnownFileType = sourcecode.cpp.h; path = Gladiator.hpp; sourceTree = "<group>"; };
/* End PBXFileReference section */

/* Begin PBXFrameworksBuildPhase section */
		B5FB3BA61FCB4117000E0F49 /* Frameworks */ = {
			isa = PBXFrameworksBuildPhase;
			buildActionMask = 2147483647;
			files = (
			);
			runOnlyForDeploymentPostprocessing = 0;
		};
/* End PBXFrameworksBuildPhase section */

/* Begin PBXGroup section */
		B52E38371FD3D22600718A5B /* Gladiators */ = {
			isa = PBXGroup;
			children = (
				B5FB3BDA1FD1FDF4000E0F49 /* Gladiator.cpp */,
				B5FB3BDB1FD1FDF4000E0F49 /* Gladiator.hpp */,
				B52E38341FD3CD9B00718A5B /* PointingGladiator.cpp */,
				B52E38351FD3CD9B00718A5B /* PointingGladiator.hpp */,
			);
			name = Gladiators;
			sourceTree = "<group>";
		};
		B52E38381FD3D22F00718A5B /* TrainerList */ = {
			isa = PBXGroup;
			children = (
				B52E382A1FD1FF5400718A5B /* TrainerList.hpp */,
				B52E38291FD1FF5400718A5B /* TrainerList.cpp */,
			);
			name = TrainerList;
			sourceTree = "<group>";
		};
		B5FB3BA01FCB4117000E0F49 = {
			isa = PBXGroup;
			children = (
				B5FB3BAB1FCB4117000E0F49 /* wet1 */,
				B5FB3BAA1FCB4117000E0F49 /* Products */,
			);
			sourceTree = "<group>";
		};
		B5FB3BAA1FCB4117000E0F49 /* Products */ = {
			isa = PBXGroup;
			children = (
				B5FB3BA91FCB4117000E0F49 /* wet1 */,
			);
			name = Products;
			sourceTree = "<group>";
		};
		B5FB3BAB1FCB4117000E0F49 /* wet1 */ = {
			isa = PBXGroup;
			children = (
				B5FB3BD21FD01663000E0F49 /* Binary */,
				B5FB3BC71FCDBE83000E0F49 /* SplayTree */,
				B5FB3BC81FCDBE90000E0F49 /* Colosseum */,
				B5FB3BBB1FCB5B24000E0F49 /* main files */,
			);
			path = wet1;
			sourceTree = "<group>";
		};
		B5FB3BBB1FCB5B24000E0F49 /* main files */ = {
			isa = PBXGroup;
			children = (
				B5FB3BC01FCB5CAA000E0F49 /* misc */,
				B5FB3BB31FCB4280000E0F49 /* library1.h */,
				B5FB3BB41FCB4417000E0F49 /* library1.cpp */,
				B5FB3BAC1FCB4117000E0F49 /* main.cpp */,
			);
			name = "main files";
			sourceTree = "<group>";
		};
		B5FB3BC01FCB5CAA000E0F49 /* misc */ = {
			isa = PBXGroup;
			children = (
				B5FB3BC11FCB6334000E0F49 /* unitTests.h */,
			);
			name = misc;
			sourceTree = "<group>";
		};
		B5FB3BC71FCDBE83000E0F49 /* SplayTree */ = {
			isa = PBXGroup;
			children = (
				B5FB3BC91FCDCA98000E0F49 /* exampleSplayTree.cpp */,
				B5FB3BC21FCDBE38000E0F49 /* SplayTree.cpp */,
				B5FB3BC31FCDBE38000E0F49 /* SplayTree.hpp */,
				B5FB3BC51FCDBE78000E0F49 /* unitTestsSplay.cpp */,
			);
			name = SplayTree;
			sourceTree = "<group>";
		};
		B5FB3BC81FCDBE90000E0F49 /* Colosseum */ = {
			isa = PBXGroup;
			children = (
				B5FB3BBD1FCB5C22000E0F49 /* unitTests.cpp */,
				B5FB3BB71FCB44C7000E0F49 /* Colosseum.hpp */,
				B5FB3BB61FCB44C7000E0F49 /* Colosseum.cpp */,
				B52E38381FD3D22F00718A5B /* TrainerList */,
				B52E38371FD3D22600718A5B /* Gladiators */,
			);
			name = Colosseum;
			sourceTree = "<group>";
		};
		B5FB3BD21FD01663000E0F49 /* Binary */ = {
			isa = PBXGroup;
			children = (
				B5FB3BD61FD0320F000E0F49 /* testGenericBinary.cpp */,
				B5FB3BCF1FD0165E000E0F49 /* BinaryTree.cpp */,
				B5FB3BD01FD0165E000E0F49 /* BinaryTree.hpp */,
				B5FB3BD31FD01682000E0F49 /* binaryTest.cpp */,
			);
			name = Binary;
			sourceTree = "<group>";
		};
/* End PBXGroup section */

/* Begin PBXNativeTarget section */
		B5FB3BA81FCB4117000E0F49 /* wet1 */ = {
			isa = PBXNativeTarget;
			buildConfigurationList = B5FB3BB01FCB4117000E0F49 /* Build configuration list for PBXNativeTarget "wet1" */;
			buildPhases = (
				B5FB3BA51FCB4117000E0F49 /* Sources */,
				B5FB3BA61FCB4117000E0F49 /* Frameworks */,
				B5FB3BA71FCB4117000E0F49 /* CopyFiles */,
			);
			buildRules = (
			);
			dependencies = (
			);
			name = wet1;
			productName = wet1;
			productReference = B5FB3BA91FCB4117000E0F49 /* wet1 */;
			productType = "com.apple.product-type.tool";
		};
/* End PBXNativeTarget section */

/* Begin PBXProject section */
		B5FB3BA11FCB4117000E0F49 /* Project object */ = {
			isa = PBXProject;
			attributes = {
				LastUpgradeCheck = 0910;
				ORGANIZATIONNAME = Ben;
				TargetAttributes = {
					B5FB3BA81FCB4117000E0F49 = {
						CreatedOnToolsVersion = 9.1;
						ProvisioningStyle = Automatic;
					};
				};
			};
			buildConfigurationList = B5FB3BA41FCB4117000E0F49 /* Build configuration list for PBXProject "wet1" */;
			compatibilityVersion = "Xcode 8.0";
			developmentRegion = en;
			hasScannedForEncodings = 0;
			knownRegions = (
				en,
			);
			mainGroup = B5FB3BA01FCB4117000E0F49;
			productRefGroup = B5FB3BAA1FCB4117000E0F49 /* Products */;
			projectDirPath = "";
			projectRoot = "";
			targets = (
				B5FB3BA81FCB4117000E0F49 /* wet1 */,
			);
		};
/* End PBXProject section */

/* Begin PBXSourcesBuildPhase section */
		B5FB3BA51FCB4117000E0F49 /* Sources */ = {
			isa = PBXSourcesBuildPhase;
			buildActionMask = 2147483647;
			files = (
				B50F1AE11FD4302C00DF832C /* SplayTree.cpp in Sources */,
				B50F1AE21FD4302C00DF832C /* unitTests.cpp in Sources */,
				B50F1AE31FD4302C00DF832C /* Colosseum.cpp in Sources */,
				B50F1AE41FD4302C00DF832C /* TrainerList.cpp in Sources */,
				B50F1AE51FD4302C00DF832C /* Gladiator.cpp in Sources */,
				B50F1AE61FD4302C00DF832C /* PointingGladiator.cpp in Sources */,
			);
			runOnlyForDeploymentPostprocessing = 0;
		};
/* End PBXSourcesBuildPhase section */

/* Begin XCBuildConfiguration section */
		B5FB3BAE1FCB4117000E0F49 /* Debug */ = {
			isa = XCBuildConfiguration;
			buildSettings = {
				ALWAYS_SEARCH_USER_PATHS = NO;
				CLANG_ANALYZER_NONNULL = YES;
				CLANG_ANALYZER_NUMBER_OBJECT_CONVERSION = YES_AGGRESSIVE;
				CLANG_CXX_LANGUAGE_STANDARD = "gnu++14";
				CLANG_CXX_LIBRARY = "libc++";
				CLANG_ENABLE_MODULES = YES;
				CLANG_ENABLE_OBJC_ARC = YES;
				CLANG_WARN_BLOCK_CAPTURE_AUTORELEASING = YES;
				CLANG_WARN_BOOL_CONVERSION = YES;
				CLANG_WARN_COMMA = YES;
				CLANG_WARN_CONSTANT_CONVERSION = YES;
				CLANG_WARN_DIRECT_OBJC_ISA_USAGE = YES_ERROR;
				CLANG_WARN_DOCUMENTATION_COMMENTS = YES;
				CLANG_WARN_EMPTY_BODY = YES;
				CLANG_WARN_ENUM_CONVERSION = YES;
				CLANG_WARN_INFINITE_RECURSION = YES;
				CLANG_WARN_INT_CONVERSION = YES;
				CLANG_WARN_NON_LITERAL_NULL_CONVERSION = YES;
				CLANG_WARN_OBJC_LITERAL_CONVERSION = YES;
				CLANG_WARN_OBJC_ROOT_CLASS = YES_ERROR;
				CLANG_WARN_RANGE_LOOP_ANALYSIS = YES;
				CLANG_WARN_STRICT_PROTOTYPES = YES;
				CLANG_WARN_SUSPICIOUS_MOVE = YES;
				CLANG_WARN_UNGUARDED_AVAILABILITY = YES_AGGRESSIVE;
				CLANG_WARN_UNREACHABLE_CODE = YES;
				CLANG_WARN__DUPLICATE_METHOD_MATCH = YES;
				CODE_SIGN_IDENTITY = "-";
				COPY_PHASE_STRIP = NO;
				DEBUG_INFORMATION_FORMAT = dwarf;
				ENABLE_STRICT_OBJC_MSGSEND = YES;
				ENABLE_TESTABILITY = YES;
				GCC_C_LANGUAGE_STANDARD = gnu11;
				GCC_DYNAMIC_NO_PIC = NO;
				GCC_NO_COMMON_BLOCKS = YES;
				GCC_OPTIMIZATION_LEVEL = 0;
				GCC_PREPROCESSOR_DEFINITIONS = (
					"DEBUG=1",
					"$(inherited)",
				);
				GCC_WARN_64_TO_32_BIT_CONVERSION = YES;
				GCC_WARN_ABOUT_RETURN_TYPE = YES_ERROR;
				GCC_WARN_UNDECLARED_SELECTOR = YES;
				GCC_WARN_UNINITIALIZED_AUTOS = YES_AGGRESSIVE;
				GCC_WARN_UNUSED_FUNCTION = YES;
				GCC_WARN_UNUSED_VARIABLE = YES;
				MACOSX_DEPLOYMENT_TARGET = 10.13;
				MTL_ENABLE_DEBUG_INFO = YES;
				ONLY_ACTIVE_ARCH = YES;
				SDKROOT = macosx;
			};
			name = Debug;
		};
		B5FB3BAF1FCB4117000E0F49 /* Release */ = {
			isa = XCBuildConfiguration;
			buildSettings = {
				ALWAYS_SEARCH_USER_PATHS = NO;
				CLANG_ANALYZER_NONNULL = YES;
				CLANG_ANALYZER_NUMBER_OBJECT_CONVERSION = YES_AGGRESSIVE;
				CLANG_CXX_LANGUAGE_STANDARD = "gnu++14";
				CLANG_CXX_LIBRARY = "libc++";
				CLANG_ENABLE_MODULES = YES;
				CLANG_ENABLE_OBJC_ARC = YES;
				CLANG_WARN_BLOCK_CAPTURE_AUTORELEASING = YES;
				CLANG_WARN_BOOL_CONVERSION = YES;
				CLANG_WARN_COMMA = YES;
				CLANG_WARN_CONSTANT_CONVERSION = YES;
				CLANG_WARN_DIRECT_OBJC_ISA_USAGE = YES_ERROR;
				CLANG_WARN_DOCUMENTATION_COMMENTS = YES;
				CLANG_WARN_EMPTY_BODY = YES;
				CLANG_WARN_ENUM_CONVERSION = YES;
				CLANG_WARN_INFINITE_RECURSION = YES;
				CLANG_WARN_INT_CONVERSION = YES;
				CLANG_WARN_NON_LITERAL_NULL_CONVERSION = YES;
				CLANG_WARN_OBJC_LITERAL_CONVERSION = YES;
				CLANG_WARN_OBJC_ROOT_CLASS = YES_ERROR;
				CLANG_WARN_RANGE_LOOP_ANALYSIS = YES;
				CLANG_WARN_STRICT_PROTOTYPES = YES;
				CLANG_WARN_SUSPICIOUS_MOVE = YES;
				CLANG_WARN_UNGUARDED_AVAILABILITY = YES_AGGRESSIVE;
				CLANG_WARN_UNREACHABLE_CODE = YES;
				CLANG_WARN__DUPLICATE_METHOD_MATCH = YES;
				CODE_SIGN_IDENTITY = "-";
				COPY_PHASE_STRIP = NO;
				DEBUG_INFORMATION_FORMAT = "dwarf-with-dsym";
				ENABLE_NS_ASSERTIONS = NO;
				ENABLE_STRICT_OBJC_MSGSEND = YES;
				GCC_C_LANGUAGE_STANDARD = gnu11;
				GCC_NO_COMMON_BLOCKS = YES;
				GCC_WARN_64_TO_32_BIT_CONVERSION = YES;
				GCC_WARN_ABOUT_RETURN_TYPE = YES_ERROR;
				GCC_WARN_UNDECLARED_SELECTOR = YES;
				GCC_WARN_UNINITIALIZED_AUTOS = YES_AGGRESSIVE;
				GCC_WARN_UNUSED_FUNCTION = YES;
				GCC_WARN_UNUSED_VARIABLE = YES;
				MACOSX_DEPLOYMENT_TARGET = 10.13;
				MTL_ENABLE_DEBUG_INFO = NO;
				SDKROOT = macosx;
			};
			name = Release;
		};
		B5FB3BB11FCB4117000E0F49 /* Debug */ = {
			isa = XCBuildConfiguration;
			buildSettings = {
				CODE_SIGN_STYLE = Automatic;
				PRODUCT_NAME = "$(TARGET_NAME)";
			};
			name = Debug;
		};
		B5FB3BB21FCB4117000E0F49 /* Release */ = {
			isa = XCBuildConfiguration;
			buildSettings = {
				CODE_SIGN_STYLE = Automatic;
				PRODUCT_NAME = "$(TARGET_NAME)";
			};
			name = Release;
		};
/* End XCBuildConfiguration section */

/* Begin XCConfigurationList section */
		B5FB3BA41FCB4117000E0F49 /* Build configuration list for PBXProject "wet1" */ = {
			isa = XCConfigurationList;
			buildConfigurations = (
				B5FB3BAE1FCB4117000E0F49 /* Debug */,
				B5FB3BAF1FCB4117000E0F49 /* Release */,
			);
			defaultConfigurationIsVisible = 0;
			defaultConfigurationName = Release;
		};
		B5FB3BB01FCB4117000E0F49 /* Build configuration list for PBXNativeTarget "wet1" */ = {
			isa = XCConfigurationList;
			buildConfigurations = (
				B5FB3BB11FCB4117000E0F49 /* Debug */,
				B5FB3BB21FCB4117000E0F49 /* Release */,
			);
			defaultConfigurationIsVisible = 0;
			defaultConfigurationName = Release;
		};
/* End XCConfigurationList section */
	};
	rootObject = B5FB3BA11FCB4117000E0F49 /* Project object */;
}
